
Microsoft Visual Studio Solution File, Format Version 12.00
# Visual Studio Version 17
VisualStudioVersion = 17.4.33213.308
MinimumVisualStudioVersion = 10.0.40219.1
Project("{FAE04EC0-301F-11D3-BF4B-00C04F79EFBC}") = "hwTrain", "hwTrain\hwTrain.csproj", "{2C9D8267-5CA5-4DB2-8478-A72BA320C005}"
EndProject
Global
	GlobalSection(SolutionConfigurationPlatforms) = preSolution
		Debug|Any CPU = Debug|Any CPU
		Release|Any CPU = Release|Any CPU
	EndGlobalSection
	GlobalSection(ProjectConfigurationPlatforms) = postSolution
		{2C9D8267-5CA5-4DB2-8478-A72BA320C005}.Debug|Any CPU.ActiveCfg = Debug|Any CPU
		{2C9D8267-5CA5-4DB2-8478-A72BA320C005}.Debug|Any CPU.Build.0 = Debug|Any CPU
		{2C9D8267-5CA5-4DB2-8478-A72BA320C005}.Release|Any CPU.ActiveCfg = Release|Any CPU
		{2C9D8267-5CA5-4DB2-8478-A72BA320C005}.Release|Any CPU.Build.0 = Release|Any CPU
	EndGlobalSection
	GlobalSection(SolutionProperties) = preSolution
		HideSolutionNode = FALSE
	EndGlobalSection
	GlobalSection(ExtensibilityGlobals) = postSolution
		SolutionGuid = {494D5E06-7C0D-4D80-BFC7-778765C6C378}
	EndGlobalSection
EndGlobal
