
Microsoft Visual Studio Solution File, Format Version 12.00
# Visual Studio Version 17
VisualStudioVersion = 17.4.33213.308
MinimumVisualStudioVersion = 10.0.40219.1
Project("{FAE04EC0-301F-11D3-BF4B-00C04F79EFBC}") = "dom_5", "dom_5\dom_5.csproj", "{BD6895AC-7BC0-4522-906A-3A4FB1F52732}"
EndProject
Global
	GlobalSection(SolutionConfigurationPlatforms) = preSolution
		Debug|Any CPU = Debug|Any CPU
		Release|Any CPU = Release|Any CPU
	EndGlobalSection
	GlobalSection(ProjectConfigurationPlatforms) = postSolution
		{BD6895AC-7BC0-4522-906A-3A4FB1F52732}.Debug|Any CPU.ActiveCfg = Debug|Any CPU
		{BD6895AC-7BC0-4522-906A-3A4FB1F52732}.Debug|Any CPU.Build.0 = Debug|Any CPU
		{BD6895AC-7BC0-4522-906A-3A4FB1F52732}.Release|Any CPU.ActiveCfg = Release|Any CPU
		{BD6895AC-7BC0-4522-906A-3A4FB1F52732}.Release|Any CPU.Build.0 = Release|Any CPU
	EndGlobalSection
	GlobalSection(SolutionProperties) = preSolution
		HideSolutionNode = FALSE
	EndGlobalSection
	GlobalSection(ExtensibilityGlobals) = postSolution
		SolutionGuid = {99FAC658-9B8B-47F1-ACEF-5149A5640E05}
	EndGlobalSection
EndGlobal
